
Microsoft Visual Studio Solution File, Format Version 12.00
# Visual Studio Version 17
VisualStudioVersion = 17.14.36518.9 d17.14
MinimumVisualStudioVersion = 10.0.40219.1
Project("{FAE04EC0-301F-11D3-BF4B-00C04F79EFBC}") = "OkosOtthon", "OkosOtthon\OkosOtthon.csproj", "{B02ED05D-A1AF-4109-9DEF-F9DCA895C8F7}"
EndProject
Global
	GlobalSection(SolutionConfigurationPlatforms) = preSolution
		Debug|Any CPU = Debug|Any CPU
		Release|Any CPU = Release|Any CPU
	EndGlobalSection
	GlobalSection(ProjectConfigurationPlatforms) = postSolution
		{B02ED05D-A1AF-4109-9DEF-F9DCA895C8F7}.Debug|Any CPU.ActiveCfg = Debug|Any CPU
		{B02ED05D-A1AF-4109-9DEF-F9DCA895C8F7}.Debug|Any CPU.Build.0 = Debug|Any CPU
		{B02ED05D-A1AF-4109-9DEF-F9DCA895C8F7}.Release|Any CPU.ActiveCfg = Release|Any CPU
		{B02ED05D-A1AF-4109-9DEF-F9DCA895C8F7}.Release|Any CPU.Build.0 = Release|Any CPU
	EndGlobalSection
	GlobalSection(SolutionProperties) = preSolution
		HideSolutionNode = FALSE
	EndGlobalSection
	GlobalSection(ExtensibilityGlobals) = postSolution
		SolutionGuid = {8D13F4DB-8B0D-40EE-8282-443C854EDF88}
	EndGlobalSection
EndGlobal
